
Microsoft Visual Studio Solution File, Format Version 12.00
# Visual Studio Version 17
VisualStudioVersion = 17.4.33213.308
MinimumVisualStudioVersion = 10.0.40219.1
Project("{FAE04EC0-301F-11D3-BF4B-00C04F79EFBC}") = "StarterApp.Server", "StarterApp\Server\StarterApp.Server.csproj", "{16C40D67-A67B-4586-86C5-0B372D1E960E}"
EndProject
Project("{FAE04EC0-301F-11D3-BF4B-00C04F79EFBC}") = "StarterApp.Client", "StarterApp\Client\StarterApp.Client.csproj", "{9A7ED8C2-4125-4B0A-A0D0-F6F560080748}"
EndProject
Project("{FAE04EC0-301F-11D3-BF4B-00C04F79EFBC}") = "StarterApp.Shared", "StarterApp\Shared\StarterApp.Shared.csproj", "{4EDF9683-2DC7-434B-9155-48BBB7E9197F}"
EndProject
Global
	GlobalSection(SolutionConfigurationPlatforms) = preSolution
		Debug|Any CPU = Debug|Any CPU
		Release|Any CPU = Release|Any CPU
	EndGlobalSection
	GlobalSection(ProjectConfigurationPlatforms) = postSolution
		{16C40D67-A67B-4586-86C5-0B372D1E960E}.Debug|Any CPU.ActiveCfg = Debug|Any CPU
		{16C40D67-A67B-4586-86C5-0B372D1E960E}.Debug|Any CPU.Build.0 = Debug|Any CPU
		{16C40D67-A67B-4586-86C5-0B372D1E960E}.Release|Any CPU.ActiveCfg = Release|Any CPU
		{16C40D67-A67B-4586-86C5-0B372D1E960E}.Release|Any CPU.Build.0 = Release|Any CPU
		{9A7ED8C2-4125-4B0A-A0D0-F6F560080748}.Debug|Any CPU.ActiveCfg = Debug|Any CPU
		{9A7ED8C2-4125-4B0A-A0D0-F6F560080748}.Debug|Any CPU.Build.0 = Debug|Any CPU
		{9A7ED8C2-4125-4B0A-A0D0-F6F560080748}.Release|Any CPU.ActiveCfg = Release|Any CPU
		{9A7ED8C2-4125-4B0A-A0D0-F6F560080748}.Release|Any CPU.Build.0 = Release|Any CPU
		{4EDF9683-2DC7-434B-9155-48BBB7E9197F}.Debug|Any CPU.ActiveCfg = Debug|Any CPU
		{4EDF9683-2DC7-434B-9155-48BBB7E9197F}.Debug|Any CPU.Build.0 = Debug|Any CPU
		{4EDF9683-2DC7-434B-9155-48BBB7E9197F}.Release|Any CPU.ActiveCfg = Release|Any CPU
		{4EDF9683-2DC7-434B-9155-48BBB7E9197F}.Release|Any CPU.Build.0 = Release|Any CPU
	EndGlobalSection
	GlobalSection(SolutionProperties) = preSolution
		HideSolutionNode = FALSE
	EndGlobalSection
	GlobalSection(ExtensibilityGlobals) = postSolution
		SolutionGuid = {D38AAB02-7A21-403C-A7D5-07F3E7CD707C}
	EndGlobalSection
EndGlobal
