
Microsoft Visual Studio Solution File, Format Version 12.00
# Visual Studio Version 17
VisualStudioVersion = 17.4.33213.308
MinimumVisualStudioVersion = 10.0.40219.1
Project("{9A19103F-16F7-4668-BE54-9A1E7A4F7556}") = "ClaimsViewer", "ClaimsViewer\ClaimsViewer.csproj", "{D616E75C-FC1A-4D31-904E-0EDB9B938939}"
EndProject
Global
	GlobalSection(SolutionConfigurationPlatforms) = preSolution
		Debug|Any CPU = Debug|Any CPU
		Release|Any CPU = Release|Any CPU
	EndGlobalSection
	GlobalSection(ProjectConfigurationPlatforms) = postSolution
		{D616E75C-FC1A-4D31-904E-0EDB9B938939}.Debug|Any CPU.ActiveCfg = Debug|Any CPU
		{D616E75C-FC1A-4D31-904E-0EDB9B938939}.Debug|Any CPU.Build.0 = Debug|Any CPU
		{D616E75C-FC1A-4D31-904E-0EDB9B938939}.Release|Any CPU.ActiveCfg = Release|Any CPU
		{D616E75C-FC1A-4D31-904E-0EDB9B938939}.Release|Any CPU.Build.0 = Release|Any CPU
	EndGlobalSection
	GlobalSection(SolutionProperties) = preSolution
		HideSolutionNode = FALSE
	EndGlobalSection
	GlobalSection(ExtensibilityGlobals) = postSolution
		SolutionGuid = {A32648E3-47B4-4F65-8675-5F50FE08B734}
	EndGlobalSection
EndGlobal
