
Microsoft Visual Studio Solution File, Format Version 12.00
# Visual Studio Version 17
VisualStudioVersion = 17.4.33213.308
MinimumVisualStudioVersion = 10.0.40219.1
Project("{FAE04EC0-301F-11D3-BF4B-00C04F79EFBC}") = "ModalDialog", "ModalDialog\ModalDialog.csproj", "{D666C39A-DDC7-4043-8AEB-4C2006D40004}"
EndProject
Project("{FAE04EC0-301F-11D3-BF4B-00C04F79EFBC}") = "ModalDialog.Components", "ModalDialog.Components\ModalDialog.Components.csproj", "{AB9D6B36-B993-4D8F-80A4-7042457B0418}"
EndProject
Global
	GlobalSection(SolutionConfigurationPlatforms) = preSolution
		Debug|Any CPU = Debug|Any CPU
		Release|Any CPU = Release|Any CPU
	EndGlobalSection
	GlobalSection(ProjectConfigurationPlatforms) = postSolution
		{D666C39A-DDC7-4043-8AEB-4C2006D40004}.Debug|Any CPU.ActiveCfg = Debug|Any CPU
		{D666C39A-DDC7-4043-8AEB-4C2006D40004}.Debug|Any CPU.Build.0 = Debug|Any CPU
		{D666C39A-DDC7-4043-8AEB-4C2006D40004}.Release|Any CPU.ActiveCfg = Release|Any CPU
		{D666C39A-DDC7-4043-8AEB-4C2006D40004}.Release|Any CPU.Build.0 = Release|Any CPU
		{AB9D6B36-B993-4D8F-80A4-7042457B0418}.Debug|Any CPU.ActiveCfg = Debug|Any CPU
		{AB9D6B36-B993-4D8F-80A4-7042457B0418}.Debug|Any CPU.Build.0 = Debug|Any CPU
		{AB9D6B36-B993-4D8F-80A4-7042457B0418}.Release|Any CPU.ActiveCfg = Release|Any CPU
		{AB9D6B36-B993-4D8F-80A4-7042457B0418}.Release|Any CPU.Build.0 = Release|Any CPU
	EndGlobalSection
	GlobalSection(SolutionProperties) = preSolution
		HideSolutionNode = FALSE
	EndGlobalSection
	GlobalSection(ExtensibilityGlobals) = postSolution
		SolutionGuid = {39581BDB-69AC-41F3-9290-32AE118DD90D}
	EndGlobalSection
EndGlobal
