
Microsoft Visual Studio Solution File, Format Version 12.00
# Visual Studio Version 17
VisualStudioVersion = 17.4.33213.308
MinimumVisualStudioVersion = 10.0.40219.1
Project("{9A19103F-16F7-4668-BE54-9A1E7A4F7556}") = "KanbanBoard", "KanbanBoard\KanbanBoard.csproj", "{FC44FD32-4518-4C71-8736-6EE629947C98}"
EndProject
Global
	GlobalSection(SolutionConfigurationPlatforms) = preSolution
		Debug|Any CPU = Debug|Any CPU
		Release|Any CPU = Release|Any CPU
	EndGlobalSection
	GlobalSection(ProjectConfigurationPlatforms) = postSolution
		{FC44FD32-4518-4C71-8736-6EE629947C98}.Debug|Any CPU.ActiveCfg = Debug|Any CPU
		{FC44FD32-4518-4C71-8736-6EE629947C98}.Debug|Any CPU.Build.0 = Debug|Any CPU
		{FC44FD32-4518-4C71-8736-6EE629947C98}.Release|Any CPU.ActiveCfg = Release|Any CPU
		{FC44FD32-4518-4C71-8736-6EE629947C98}.Release|Any CPU.Build.0 = Release|Any CPU
	EndGlobalSection
	GlobalSection(SolutionProperties) = preSolution
		HideSolutionNode = FALSE
	EndGlobalSection
	GlobalSection(ExtensibilityGlobals) = postSolution
		SolutionGuid = {F51C0C2F-88CD-4D29-835C-FE304D233830}
	EndGlobalSection
EndGlobal
