
Microsoft Visual Studio Solution File, Format Version 12.00
# Visual Studio Version 17
VisualStudioVersion = 17.4.33213.308
MinimumVisualStudioVersion = 10.0.40219.1
Project("{FAE04EC0-301F-11D3-BF4B-00C04F79EFBC}") = "DefaultApp", "DefaultApp\DefaultApp.csproj", "{A26B184B-6702-4B80-9071-A97A5793E2CD}"
EndProject
Global
	GlobalSection(SolutionConfigurationPlatforms) = preSolution
		Debug|Any CPU = Debug|Any CPU
		Release|Any CPU = Release|Any CPU
	EndGlobalSection
	GlobalSection(ProjectConfigurationPlatforms) = postSolution
		{A26B184B-6702-4B80-9071-A97A5793E2CD}.Debug|Any CPU.ActiveCfg = Debug|Any CPU
		{A26B184B-6702-4B80-9071-A97A5793E2CD}.Debug|Any CPU.Build.0 = Debug|Any CPU
		{A26B184B-6702-4B80-9071-A97A5793E2CD}.Release|Any CPU.ActiveCfg = Release|Any CPU
		{A26B184B-6702-4B80-9071-A97A5793E2CD}.Release|Any CPU.Build.0 = Release|Any CPU
	EndGlobalSection
	GlobalSection(SolutionProperties) = preSolution
		HideSolutionNode = FALSE
	EndGlobalSection
	GlobalSection(ExtensibilityGlobals) = postSolution
		SolutionGuid = {DC7FDA1E-360F-4BB9-971D-F9DE388B58FD}
	EndGlobalSection
EndGlobal
